// !$*UTF8*$!
{
	archiveVersion = 1;
	classes = {
	};
	objectVersion = 46;
	objects = {

/* Begin PBXBuildFile section */
		8A9DA4921792CD680074054E /* Foundation.framework in Frameworks */ = {isa = PBXBuildFile; fileRef = 8A9DA4911792CD680074054E /* Foundation.framework */; };
		8A9DA4A51792CDDB0074054E /* GBLoadingIndicator.m in Sources */ = {isa = PBXBuildFile; fileRef = 8A9DA4A01792CDDB0074054E /* GBLoadingIndicator.m */; };
		8A9DA4A61792CDDB0074054E /* GBLoadingIndicatorConcrete.m in Sources */ = {isa = PBXBuildFile; fileRef = 8A9DA4A21792CDDB0074054E /* GBLoadingIndicatorConcrete.m */; };
/* End PBXBuildFile section */

/* Begin PBXCopyFilesBuildPhase section */
		8A9DA48C1792CD680074054E /* CopyFiles */ = {
			isa = PBXCopyFilesBuildPhase;
			buildActionMask = 2147483647;
			dstPath = "include/${PRODUCT_NAME}";
			dstSubfolderSpec = 16;
			files = (
			);
			runOnlyForDeploymentPostprocessing = 0;
		};
/* End PBXCopyFilesBuildPhase section */

/* Begin PBXFileReference section */
		8A9DA48E1792CD680074054E /* libGBLoadingIndicator.a */ = {isa = PBXFileReference; explicitFileType = archive.ar; includeInIndex = 0; path = libGBLoadingIndicator.a; sourceTree = BUILT_PRODUCTS_DIR; };
		8A9DA4911792CD680074054E /* Foundation.framework */ = {isa = PBXFileReference; lastKnownFileType = wrapper.framework; name = Foundation.framework; path = System/Library/Frameworks/Foundation.framework; sourceTree = SDKROOT; };
		8A9DA4951792CD680074054E /* GBLoadingIndicator-Prefix.pch */ = {isa = PBXFileReference; lastKnownFileType = sourcecode.c.h; path = "GBLoadingIndicator-Prefix.pch"; sourceTree = "<group>"; };
		8A9DA49F1792CDDB0074054E /* GBLoadingIndicator.h */ = {isa = PBXFileReference; fileEncoding = 4; lastKnownFileType = sourcecode.c.h; path = GBLoadingIndicator.h; sourceTree = "<group>"; };
		8A9DA4A01792CDDB0074054E /* GBLoadingIndicator.m */ = {isa = PBXFileReference; fileEncoding = 4; lastKnownFileType = sourcecode.c.objc; path = GBLoadingIndicator.m; sourceTree = "<group>"; };
		8A9DA4A11792CDDB0074054E /* GBLoadingIndicatorConcrete.h */ = {isa = PBXFileReference; fileEncoding = 4; lastKnownFileType = sourcecode.c.h; path = GBLoadingIndicatorConcrete.h; sourceTree = "<group>"; };
		8A9DA4A21792CDDB0074054E /* GBLoadingIndicatorConcrete.m */ = {isa = PBXFileReference; fileEncoding = 4; lastKnownFileType = sourcecode.c.objc; path = GBLoadingIndicatorConcrete.m; sourceTree = "<group>"; };
		8A9DA4A31792CDDB0074054E /* GBLoadingIndicator_Types.h */ = {isa = PBXFileReference; fileEncoding = 4; lastKnownFileType = sourcecode.c.h; path = GBLoadingIndicator_Types.h; sourceTree = "<group>"; };
		8A9DA4A41792CDDB0074054E /* GBLoadingIndicator_StandardHandlers.h */ = {isa = PBXFileReference; fileEncoding = 4; lastKnownFileType = sourcecode.c.h; path = GBLoadingIndicator_StandardHandlers.h; sourceTree = "<group>"; };
/* End PBXFileReference section */

/* Begin PBXFrameworksBuildPhase section */
		8A9DA48B1792CD680074054E /* Frameworks */ = {
			isa = PBXFrameworksBuildPhase;
			buildActionMask = 2147483647;
			files = (
				8A9DA4921792CD680074054E /* Foundation.framework in Frameworks */,
			);
			runOnlyForDeploymentPostprocessing = 0;
		};
/* End PBXFrameworksBuildPhase section */

/* Begin PBXGroup section */
		8A9DA4851792CD680074054E = {
			isa = PBXGroup;
			children = (
				8A9DA4931792CD680074054E /* GBLoadingIndicator */,
				8A9DA4901792CD680074054E /* Frameworks */,
				8A9DA48F1792CD680074054E /* Products */,
			);
			sourceTree = "<group>";
		};
		8A9DA48F1792CD680074054E /* Products */ = {
			isa = PBXGroup;
			children = (
				8A9DA48E1792CD680074054E /* libGBLoadingIndicator.a */,
			);
			name = Products;
			sourceTree = "<group>";
		};
		8A9DA4901792CD680074054E /* Frameworks */ = {
			isa = PBXGroup;
			children = (
				8A9DA4911792CD680074054E /* Foundation.framework */,
			);
			name = Frameworks;
			sourceTree = "<group>";
		};
		8A9DA4931792CD680074054E /* GBLoadingIndicator */ = {
			isa = PBXGroup;
			children = (
				8A9DA49F1792CDDB0074054E /* GBLoadingIndicator.h */,
				8A9DA4A01792CDDB0074054E /* GBLoadingIndicator.m */,
				8A9DA4A11792CDDB0074054E /* GBLoadingIndicatorConcrete.h */,
				8A9DA4A21792CDDB0074054E /* GBLoadingIndicatorConcrete.m */,
				8A9DA4A31792CDDB0074054E /* GBLoadingIndicator_Types.h */,
				8A9DA4A41792CDDB0074054E /* GBLoadingIndicator_StandardHandlers.h */,
				8A9DA4941792CD680074054E /* Supporting Files */,
			);
			path = GBLoadingIndicator;
			sourceTree = "<group>";
		};
		8A9DA4941792CD680074054E /* Supporting Files */ = {
			isa = PBXGroup;
			children = (
				8A9DA4951792CD680074054E /* GBLoadingIndicator-Prefix.pch */,
			);
			name = "Supporting Files";
			sourceTree = "<group>";
		};
/* End PBXGroup section */

/* Begin PBXNativeTarget section */
		8A9DA48D1792CD680074054E /* GBLoadingIndicator */ = {
			isa = PBXNativeTarget;
			buildConfigurationList = 8A9DA49C1792CD680074054E /* Build configuration list for PBXNativeTarget "GBLoadingIndicator" */;
			buildPhases = (
				8A9DA48A1792CD680074054E /* Sources */,
				8A9DA48B1792CD680074054E /* Frameworks */,
				8A9DA48C1792CD680074054E /* CopyFiles */,
			);
			buildRules = (
			);
			dependencies = (
			);
			name = GBLoadingIndicator;
			productName = GBLoadingIndicator;
			productReference = 8A9DA48E1792CD680074054E /* libGBLoadingIndicator.a */;
			productType = "com.apple.product-type.library.static";
		};
/* End PBXNativeTarget section */

/* Begin PBXProject section */
		8A9DA4861792CD680074054E /* Project object */ = {
			isa = PBXProject;
			attributes = {
				LastUpgradeCheck = 0460;
				ORGANIZATIONNAME = Goonbee;
			};
			buildConfigurationList = 8A9DA4891792CD680074054E /* Build configuration list for PBXProject "GBLoadingIndicator" */;
			compatibilityVersion = "Xcode 3.2";
			developmentRegion = English;
			hasScannedForEncodings = 0;
			knownRegions = (
				en,
			);
			mainGroup = 8A9DA4851792CD680074054E;
			productRefGroup = 8A9DA48F1792CD680074054E /* Products */;
			projectDirPath = "";
			projectRoot = "";
			targets = (
				8A9DA48D1792CD680074054E /* GBLoadingIndicator */,
			);
		};
/* End PBXProject section */

/* Begin PBXSourcesBuildPhase section */
		8A9DA48A1792CD680074054E /* Sources */ = {
			isa = PBXSourcesBuildPhase;
			buildActionMask = 2147483647;
			files = (
				8A9DA4A51792CDDB0074054E /* GBLoadingIndicator.m in Sources */,
				8A9DA4A61792CDDB0074054E /* GBLoadingIndicatorConcrete.m in Sources */,
			);
			runOnlyForDeploymentPostprocessing = 0;
		};
/* End PBXSourcesBuildPhase section */

/* Begin XCBuildConfiguration section */
		8A9DA49A1792CD680074054E /* Debug */ = {
			isa = XCBuildConfiguration;
			buildSettings = {
				ALWAYS_SEARCH_USER_PATHS = NO;
				CLANG_CXX_LANGUAGE_STANDARD = "gnu++0x";
				CLANG_CXX_LIBRARY = "libc++";
				CLANG_ENABLE_OBJC_ARC = YES;
				CLANG_WARN_CONSTANT_CONVERSION = YES;
				CLANG_WARN_EMPTY_BODY = YES;
				CLANG_WARN_ENUM_CONVERSION = YES;
				CLANG_WARN_INT_CONVERSION = YES;
				CLANG_WARN__DUPLICATE_METHOD_MATCH = YES;
				COPY_PHASE_STRIP = NO;
				GCC_C_LANGUAGE_STANDARD = gnu99;
				GCC_DYNAMIC_NO_PIC = NO;
				GCC_OPTIMIZATION_LEVEL = 0;
				GCC_PREPROCESSOR_DEFINITIONS = (
					"DEBUG=1",
					"$(inherited)",
				);
				GCC_SYMBOLS_PRIVATE_EXTERN = NO;
				GCC_WARN_ABOUT_RETURN_TYPE = YES;
				GCC_WARN_UNINITIALIZED_AUTOS = YES;
				GCC_WARN_UNUSED_VARIABLE = YES;
				IPHONEOS_DEPLOYMENT_TARGET = 5.0;
				ONLY_ACTIVE_ARCH = YES;
				SDKROOT = iphoneos;
			};
			name = Debug;
		};
		8A9DA49B1792CD680074054E /* Release */ = {
			isa = XCBuildConfiguration;
			buildSettings = {
				ALWAYS_SEARCH_USER_PATHS = NO;
				CLANG_CXX_LANGUAGE_STANDARD = "gnu++0x";
				CLANG_CXX_LIBRARY = "libc++";
				CLANG_ENABLE_OBJC_ARC = YES;
				CLANG_WARN_CONSTANT_CONVERSION = YES;
				CLANG_WARN_EMPTY_BODY = YES;
				CLANG_WARN_ENUM_CONVERSION = YES;
				CLANG_WARN_INT_CONVERSION = YES;
				CLANG_WARN__DUPLICATE_METHOD_MATCH = YES;
				COPY_PHASE_STRIP = YES;
				GCC_C_LANGUAGE_STANDARD = gnu99;
				GCC_WARN_ABOUT_RETURN_TYPE = YES;
				GCC_WARN_UNINITIALIZED_AUTOS = YES;
				GCC_WARN_UNUSED_VARIABLE = YES;
				IPHONEOS_DEPLOYMENT_TARGET = 5.0;
				SDKROOT = iphoneos;
				VALIDATE_PRODUCT = YES;
			};
			name = Release;
		};
		8A9DA49D1792CD680074054E /* Debug */ = {
			isa = XCBuildConfiguration;
			buildSettings = {
				DSTROOT = /tmp/GBLoadingIndicator.dst;
				GCC_PRECOMPILE_PREFIX_HEADER = YES;
				GCC_PREFIX_HEADER = "GBLoadingIndicator/GBLoadingIndicator-Prefix.pch";
				OTHER_LDFLAGS = "-ObjC";
				PRODUCT_NAME = "$(TARGET_NAME)";
				SKIP_INSTALL = YES;
			};
			name = Debug;
		};
		8A9DA49E1792CD680074054E /* Release */ = {
			isa = XCBuildConfiguration;
			buildSettings = {
				DSTROOT = /tmp/GBLoadingIndicator.dst;
				GCC_PRECOMPILE_PREFIX_HEADER = YES;
				GCC_PREFIX_HEADER = "GBLoadingIndicator/GBLoadingIndicator-Prefix.pch";
				OTHER_LDFLAGS = "-ObjC";
				PRODUCT_NAME = "$(TARGET_NAME)";
				SKIP_INSTALL = YES;
			};
			name = Release;
		};
/* End XCBuildConfiguration section */

/* Begin XCConfigurationList section */
		8A9DA4891792CD680074054E /* Build configuration list for PBXProject "GBLoadingIndicator" */ = {
			isa = XCConfigurationList;
			buildConfigurations = (
				8A9DA49A1792CD680074054E /* Debug */,
				8A9DA49B1792CD680074054E /* Release */,
			);
			defaultConfigurationIsVisible = 0;
			defaultConfigurationName = Release;
		};
		8A9DA49C1792CD680074054E /* Build configuration list for PBXNativeTarget "GBLoadingIndicator" */ = {
			isa = XCConfigurationList;
			buildConfigurations = (
				8A9DA49D1792CD680074054E /* Debug */,
				8A9DA49E1792CD680074054E /* Release */,
			);
			defaultConfigurationIsVisible = 0;
		};
/* End XCConfigurationList section */
	};
	rootObject = 8A9DA4861792CD680074054E /* Project object */;
}
